
Microsoft Visual Studio Solution File, Format Version 12.00
Project("{FAE04EC0-301F-11D3-BF4B-00C04F79EFBC}") = "SLSSDK", ".\src\SLSSDK\SLSSDK.csproj", "{C967624F-DDFB-474A-A25A-05AE57C492D0}"
EndProject
Project("{FAE04EC0-301F-11D3-BF4B-00C04F79EFBC}") = "LOGSDKSample", ".\samples\LOGSDKSample\LOGSDKSample.csproj", "{3C8AB39A-E859-457A-8CFF-6E7B80B30DEA}"
EndProject
Project("{FAE04EC0-301F-11D3-BF4B-00C04F79EFBC}") = "SLSSDK40Test", ".\test\SLSSDKTest\SLSSDKTest.csproj", "{DF3F2C8B-0D0A-41D0-B862-3A36DEFD97A1}"
EndProject
Global
	GlobalSection(SolutionConfigurationPlatforms) = preSolution
		Debug|Any CPU = Debug|Any CPU
		Release|Any CPU = Release|Any CPU
	EndGlobalSection
	GlobalSection(ProjectConfigurationPlatforms) = postSolution
		{C967624F-DDFB-474A-A25A-05AE57C492D0}.Debug|Any CPU.ActiveCfg = Debug|Any CPU
		{C967624F-DDFB-474A-A25A-05AE57C492D0}.Debug|Any CPU.Build.0 = Debug|Any CPU
		{C967624F-DDFB-474A-A25A-05AE57C492D0}.Release|Any CPU.ActiveCfg = Release|Any CPU
		{C967624F-DDFB-474A-A25A-05AE57C492D0}.Release|Any CPU.Build.0 = Release|Any CPU
		{3C8AB39A-E859-457A-8CFF-6E7B80B30DEA}.Debug|Any CPU.ActiveCfg = Debug|Any CPU
		{3C8AB39A-E859-457A-8CFF-6E7B80B30DEA}.Debug|Any CPU.Build.0 = Debug|Any CPU
		{3C8AB39A-E859-457A-8CFF-6E7B80B30DEA}.Release|Any CPU.ActiveCfg = Release|Any CPU
		{3C8AB39A-E859-457A-8CFF-6E7B80B30DEA}.Release|Any CPU.Build.0 = Release|Any CPU
		{DF3F2C8B-0D0A-41D0-B862-3A36DEFD97A1}.Debug|Any CPU.ActiveCfg = Debug|Any CPU
		{DF3F2C8B-0D0A-41D0-B862-3A36DEFD97A1}.Debug|Any CPU.Build.0 = Debug|Any CPU
		{DF3F2C8B-0D0A-41D0-B862-3A36DEFD97A1}.Release|Any CPU.ActiveCfg = Release|Any CPU
		{DF3F2C8B-0D0A-41D0-B862-3A36DEFD97A1}.Release|Any CPU.Build.0 = Release|Any CPU
	EndGlobalSection
EndGlobal
